
Microsoft Visual Studio Solution File, Format Version 12.00
# Visual Studio 15
VisualStudioVersion = 15.0.27703.2000
MinimumVisualStudioVersion = 10.0.40219.1
Project("{FAE04EC0-301F-11D3-BF4B-00C04F79EFBC}") = "FEI.Extension", "..\SERCEDLL\FEI.Extension.csproj", "{F2F44551-885E-41D9-A0BD-5D73AF698360}"
EndProject
Project("{FAE04EC0-301F-11D3-BF4B-00C04F79EFBC}") = "FEI2", "..\FEI2\FEI2.csproj", "{8112C21E-4CDE-444E-B78D-34C1CEB0B7D0}"
EndProject
Project("{FAE04EC0-301F-11D3-BF4B-00C04F79EFBC}") = "Importador", "..\Importador\Importador.csproj", "{9A5A888D-B02F-44AF-8BC0-8294EF62B7F9}"
EndProject
Project("{FAE04EC0-301F-11D3-BF4B-00C04F79EFBC}") = "MigrarDatos", "..\MigrarDatos\MigrarDatos.csproj", "{BF05910D-37E9-45AC-B678-F59E7E112100}"
EndProject
Project("{FAE04EC0-301F-11D3-BF4B-00C04F79EFBC}") = "TransferenciaDatos", "..\TransferenciaDatos\TransferenciaDatos.csproj", "{4472AA4E-D52F-4624-BFE6-618AAD53A073}"
EndProject
Project("{FAE04EC0-301F-11D3-BF4B-00C04F79EFBC}") = "StructureUBL", "StructureUBL\StructureUBL.csproj", "{B70D6A75-50B5-4FAC-887C-698C3B7B9860}"
EndProject
Project("{FAE04EC0-301F-11D3-BF4B-00C04F79EFBC}") = "Common", "Common\Common.csproj", "{8D1A43AE-2C69-4277-9C06-86B496FABD89}"
EndProject
Project("{FAE04EC0-301F-11D3-BF4B-00C04F79EFBC}") = "Models", "Models\Models.csproj", "{6DDC510B-794C-43B7-86E2-0B1EF96042FF}"
EndProject
Project("{FAE04EC0-301F-11D3-BF4B-00C04F79EFBC}") = "RestAPI", "RestAPI\RestAPI.csproj", "{A3D6D71D-23E2-4F17-9E4E-882F5094F0A7}"
EndProject
Project("{FAE04EC0-301F-11D3-BF4B-00C04F79EFBC}") = "ServicesSunat", "ServicesSunat\ServicesSunat.csproj", "{0615BED5-732F-45A7-839A-4A6220E341F0}"
EndProject
Project("{FAE04EC0-301F-11D3-BF4B-00C04F79EFBC}") = "Security", "Security\Security.csproj", "{3A893CD3-8A95-4750-BEED-0E72E1A2904C}"
EndProject
Project("{FAE04EC0-301F-11D3-BF4B-00C04F79EFBC}") = "GenerateXML", "GenerateXML\GenerateXML.csproj", "{E5D088F1-2806-4150-8D05-3FAA11D49148}"
EndProject
Project("{FAE04EC0-301F-11D3-BF4B-00C04F79EFBC}") = "DataLayer", "DataLayer\DataLayer.csproj", "{C0EB19F0-91B7-4B4A-A4D2-E62D98B89282}"
EndProject
Project("{FAE04EC0-301F-11D3-BF4B-00C04F79EFBC}") = "BusinessLayer", "BusinessLayer\BusinessLayer.csproj", "{AA05DC3E-E088-4512-AACA-411DC3184E10}"
EndProject
Global
	GlobalSection(SolutionConfigurationPlatforms) = preSolution
		CD_ROM|Any CPU = CD_ROM|Any CPU
		Debug|Any CPU = Debug|Any CPU
		DVD-5|Any CPU = DVD-5|Any CPU
		Release|Any CPU = Release|Any CPU
		SingleImage|Any CPU = SingleImage|Any CPU
	EndGlobalSection
	GlobalSection(ProjectConfigurationPlatforms) = postSolution
		{F2F44551-885E-41D9-A0BD-5D73AF698360}.CD_ROM|Any CPU.ActiveCfg = Release|Any CPU
		{F2F44551-885E-41D9-A0BD-5D73AF698360}.CD_ROM|Any CPU.Build.0 = Release|Any CPU
		{F2F44551-885E-41D9-A0BD-5D73AF698360}.Debug|Any CPU.ActiveCfg = Debug|Any CPU
		{F2F44551-885E-41D9-A0BD-5D73AF698360}.Debug|Any CPU.Build.0 = Debug|Any CPU
		{F2F44551-885E-41D9-A0BD-5D73AF698360}.DVD-5|Any CPU.ActiveCfg = Debug|Any CPU
		{F2F44551-885E-41D9-A0BD-5D73AF698360}.DVD-5|Any CPU.Build.0 = Debug|Any CPU
		{F2F44551-885E-41D9-A0BD-5D73AF698360}.Release|Any CPU.ActiveCfg = Release|Any CPU
		{F2F44551-885E-41D9-A0BD-5D73AF698360}.Release|Any CPU.Build.0 = Release|Any CPU
		{F2F44551-885E-41D9-A0BD-5D73AF698360}.SingleImage|Any CPU.ActiveCfg = Release|Any CPU
		{F2F44551-885E-41D9-A0BD-5D73AF698360}.SingleImage|Any CPU.Build.0 = Release|Any CPU
		{8112C21E-4CDE-444E-B78D-34C1CEB0B7D0}.CD_ROM|Any CPU.ActiveCfg = Release|Any CPU
		{8112C21E-4CDE-444E-B78D-34C1CEB0B7D0}.CD_ROM|Any CPU.Build.0 = Release|Any CPU
		{8112C21E-4CDE-444E-B78D-34C1CEB0B7D0}.Debug|Any CPU.ActiveCfg = Debug|Any CPU
		{8112C21E-4CDE-444E-B78D-34C1CEB0B7D0}.Debug|Any CPU.Build.0 = Debug|Any CPU
		{8112C21E-4CDE-444E-B78D-34C1CEB0B7D0}.DVD-5|Any CPU.ActiveCfg = Debug|Any CPU
		{8112C21E-4CDE-444E-B78D-34C1CEB0B7D0}.DVD-5|Any CPU.Build.0 = Debug|Any CPU
		{8112C21E-4CDE-444E-B78D-34C1CEB0B7D0}.Release|Any CPU.ActiveCfg = Release|Any CPU
		{8112C21E-4CDE-444E-B78D-34C1CEB0B7D0}.Release|Any CPU.Build.0 = Release|Any CPU
		{8112C21E-4CDE-444E-B78D-34C1CEB0B7D0}.SingleImage|Any CPU.ActiveCfg = Release|Any CPU
		{8112C21E-4CDE-444E-B78D-34C1CEB0B7D0}.SingleImage|Any CPU.Build.0 = Release|Any CPU
		{9A5A888D-B02F-44AF-8BC0-8294EF62B7F9}.CD_ROM|Any CPU.ActiveCfg = Release|Any CPU
		{9A5A888D-B02F-44AF-8BC0-8294EF62B7F9}.CD_ROM|Any CPU.Build.0 = Release|Any CPU
		{9A5A888D-B02F-44AF-8BC0-8294EF62B7F9}.Debug|Any CPU.ActiveCfg = Debug|Any CPU
		{9A5A888D-B02F-44AF-8BC0-8294EF62B7F9}.Debug|Any CPU.Build.0 = Debug|Any CPU
		{9A5A888D-B02F-44AF-8BC0-8294EF62B7F9}.DVD-5|Any CPU.ActiveCfg = Debug|Any CPU
		{9A5A888D-B02F-44AF-8BC0-8294EF62B7F9}.DVD-5|Any CPU.Build.0 = Debug|Any CPU
		{9A5A888D-B02F-44AF-8BC0-8294EF62B7F9}.Release|Any CPU.ActiveCfg = Release|Any CPU
		{9A5A888D-B02F-44AF-8BC0-8294EF62B7F9}.Release|Any CPU.Build.0 = Release|Any CPU
		{9A5A888D-B02F-44AF-8BC0-8294EF62B7F9}.SingleImage|Any CPU.ActiveCfg = Release|Any CPU
		{9A5A888D-B02F-44AF-8BC0-8294EF62B7F9}.SingleImage|Any CPU.Build.0 = Release|Any CPU
		{BF05910D-37E9-45AC-B678-F59E7E112100}.CD_ROM|Any CPU.ActiveCfg = Release|Any CPU
		{BF05910D-37E9-45AC-B678-F59E7E112100}.CD_ROM|Any CPU.Build.0 = Release|Any CPU
		{BF05910D-37E9-45AC-B678-F59E7E112100}.Debug|Any CPU.ActiveCfg = Debug|Any CPU
		{BF05910D-37E9-45AC-B678-F59E7E112100}.Debug|Any CPU.Build.0 = Debug|Any CPU
		{BF05910D-37E9-45AC-B678-F59E7E112100}.DVD-5|Any CPU.ActiveCfg = Debug|Any CPU
		{BF05910D-37E9-45AC-B678-F59E7E112100}.DVD-5|Any CPU.Build.0 = Debug|Any CPU
		{BF05910D-37E9-45AC-B678-F59E7E112100}.Release|Any CPU.ActiveCfg = Release|Any CPU
		{BF05910D-37E9-45AC-B678-F59E7E112100}.Release|Any CPU.Build.0 = Release|Any CPU
		{BF05910D-37E9-45AC-B678-F59E7E112100}.SingleImage|Any CPU.ActiveCfg = Release|Any CPU
		{BF05910D-37E9-45AC-B678-F59E7E112100}.SingleImage|Any CPU.Build.0 = Release|Any CPU
		{4472AA4E-D52F-4624-BFE6-618AAD53A073}.CD_ROM|Any CPU.ActiveCfg = Release|Any CPU
		{4472AA4E-D52F-4624-BFE6-618AAD53A073}.CD_ROM|Any CPU.Build.0 = Release|Any CPU
		{4472AA4E-D52F-4624-BFE6-618AAD53A073}.Debug|Any CPU.ActiveCfg = Debug|Any CPU
		{4472AA4E-D52F-4624-BFE6-618AAD53A073}.Debug|Any CPU.Build.0 = Debug|Any CPU
		{4472AA4E-D52F-4624-BFE6-618AAD53A073}.DVD-5|Any CPU.ActiveCfg = Debug|Any CPU
		{4472AA4E-D52F-4624-BFE6-618AAD53A073}.DVD-5|Any CPU.Build.0 = Debug|Any CPU
		{4472AA4E-D52F-4624-BFE6-618AAD53A073}.Release|Any CPU.ActiveCfg = Release|Any CPU
		{4472AA4E-D52F-4624-BFE6-618AAD53A073}.Release|Any CPU.Build.0 = Release|Any CPU
		{4472AA4E-D52F-4624-BFE6-618AAD53A073}.SingleImage|Any CPU.ActiveCfg = Release|Any CPU
		{4472AA4E-D52F-4624-BFE6-618AAD53A073}.SingleImage|Any CPU.Build.0 = Release|Any CPU
		{B70D6A75-50B5-4FAC-887C-698C3B7B9860}.CD_ROM|Any CPU.ActiveCfg = Release|Any CPU
		{B70D6A75-50B5-4FAC-887C-698C3B7B9860}.CD_ROM|Any CPU.Build.0 = Release|Any CPU
		{B70D6A75-50B5-4FAC-887C-698C3B7B9860}.Debug|Any CPU.ActiveCfg = Debug|Any CPU
		{B70D6A75-50B5-4FAC-887C-698C3B7B9860}.Debug|Any CPU.Build.0 = Debug|Any CPU
		{B70D6A75-50B5-4FAC-887C-698C3B7B9860}.DVD-5|Any CPU.ActiveCfg = Debug|Any CPU
		{B70D6A75-50B5-4FAC-887C-698C3B7B9860}.DVD-5|Any CPU.Build.0 = Debug|Any CPU
		{B70D6A75-50B5-4FAC-887C-698C3B7B9860}.Release|Any CPU.ActiveCfg = Release|Any CPU
		{B70D6A75-50B5-4FAC-887C-698C3B7B9860}.Release|Any CPU.Build.0 = Release|Any CPU
		{B70D6A75-50B5-4FAC-887C-698C3B7B9860}.SingleImage|Any CPU.ActiveCfg = Release|Any CPU
		{B70D6A75-50B5-4FAC-887C-698C3B7B9860}.SingleImage|Any CPU.Build.0 = Release|Any CPU
		{8D1A43AE-2C69-4277-9C06-86B496FABD89}.CD_ROM|Any CPU.ActiveCfg = Release|Any CPU
		{8D1A43AE-2C69-4277-9C06-86B496FABD89}.CD_ROM|Any CPU.Build.0 = Release|Any CPU
		{8D1A43AE-2C69-4277-9C06-86B496FABD89}.Debug|Any CPU.ActiveCfg = Debug|Any CPU
		{8D1A43AE-2C69-4277-9C06-86B496FABD89}.Debug|Any CPU.Build.0 = Debug|Any CPU
		{8D1A43AE-2C69-4277-9C06-86B496FABD89}.DVD-5|Any CPU.ActiveCfg = Debug|Any CPU
		{8D1A43AE-2C69-4277-9C06-86B496FABD89}.DVD-5|Any CPU.Build.0 = Debug|Any CPU
		{8D1A43AE-2C69-4277-9C06-86B496FABD89}.Release|Any CPU.ActiveCfg = Release|Any CPU
		{8D1A43AE-2C69-4277-9C06-86B496FABD89}.Release|Any CPU.Build.0 = Release|Any CPU
		{8D1A43AE-2C69-4277-9C06-86B496FABD89}.SingleImage|Any CPU.ActiveCfg = Release|Any CPU
		{8D1A43AE-2C69-4277-9C06-86B496FABD89}.SingleImage|Any CPU.Build.0 = Release|Any CPU
		{6DDC510B-794C-43B7-86E2-0B1EF96042FF}.CD_ROM|Any CPU.ActiveCfg = Release|Any CPU
		{6DDC510B-794C-43B7-86E2-0B1EF96042FF}.CD_ROM|Any CPU.Build.0 = Release|Any CPU
		{6DDC510B-794C-43B7-86E2-0B1EF96042FF}.Debug|Any CPU.ActiveCfg = Debug|Any CPU
		{6DDC510B-794C-43B7-86E2-0B1EF96042FF}.Debug|Any CPU.Build.0 = Debug|Any CPU
		{6DDC510B-794C-43B7-86E2-0B1EF96042FF}.DVD-5|Any CPU.ActiveCfg = Debug|Any CPU
		{6DDC510B-794C-43B7-86E2-0B1EF96042FF}.DVD-5|Any CPU.Build.0 = Debug|Any CPU
		{6DDC510B-794C-43B7-86E2-0B1EF96042FF}.Release|Any CPU.ActiveCfg = Release|Any CPU
		{6DDC510B-794C-43B7-86E2-0B1EF96042FF}.Release|Any CPU.Build.0 = Release|Any CPU
		{6DDC510B-794C-43B7-86E2-0B1EF96042FF}.SingleImage|Any CPU.ActiveCfg = Release|Any CPU
		{6DDC510B-794C-43B7-86E2-0B1EF96042FF}.SingleImage|Any CPU.Build.0 = Release|Any CPU
		{A3D6D71D-23E2-4F17-9E4E-882F5094F0A7}.CD_ROM|Any CPU.ActiveCfg = Release|Any CPU
		{A3D6D71D-23E2-4F17-9E4E-882F5094F0A7}.CD_ROM|Any CPU.Build.0 = Release|Any CPU
		{A3D6D71D-23E2-4F17-9E4E-882F5094F0A7}.Debug|Any CPU.ActiveCfg = Debug|Any CPU
		{A3D6D71D-23E2-4F17-9E4E-882F5094F0A7}.Debug|Any CPU.Build.0 = Debug|Any CPU
		{A3D6D71D-23E2-4F17-9E4E-882F5094F0A7}.DVD-5|Any CPU.ActiveCfg = Debug|Any CPU
		{A3D6D71D-23E2-4F17-9E4E-882F5094F0A7}.DVD-5|Any CPU.Build.0 = Debug|Any CPU
		{A3D6D71D-23E2-4F17-9E4E-882F5094F0A7}.Release|Any CPU.ActiveCfg = Release|Any CPU
		{A3D6D71D-23E2-4F17-9E4E-882F5094F0A7}.Release|Any CPU.Build.0 = Release|Any CPU
		{A3D6D71D-23E2-4F17-9E4E-882F5094F0A7}.SingleImage|Any CPU.ActiveCfg = Release|Any CPU
		{A3D6D71D-23E2-4F17-9E4E-882F5094F0A7}.SingleImage|Any CPU.Build.0 = Release|Any CPU
		{0615BED5-732F-45A7-839A-4A6220E341F0}.CD_ROM|Any CPU.ActiveCfg = Release|Any CPU
		{0615BED5-732F-45A7-839A-4A6220E341F0}.CD_ROM|Any CPU.Build.0 = Release|Any CPU
		{0615BED5-732F-45A7-839A-4A6220E341F0}.Debug|Any CPU.ActiveCfg = Debug|Any CPU
		{0615BED5-732F-45A7-839A-4A6220E341F0}.Debug|Any CPU.Build.0 = Debug|Any CPU
		{0615BED5-732F-45A7-839A-4A6220E341F0}.DVD-5|Any CPU.ActiveCfg = Debug|Any CPU
		{0615BED5-732F-45A7-839A-4A6220E341F0}.DVD-5|Any CPU.Build.0 = Debug|Any CPU
		{0615BED5-732F-45A7-839A-4A6220E341F0}.Release|Any CPU.ActiveCfg = Release|Any CPU
		{0615BED5-732F-45A7-839A-4A6220E341F0}.Release|Any CPU.Build.0 = Release|Any CPU
		{0615BED5-732F-45A7-839A-4A6220E341F0}.SingleImage|Any CPU.ActiveCfg = Release|Any CPU
		{0615BED5-732F-45A7-839A-4A6220E341F0}.SingleImage|Any CPU.Build.0 = Release|Any CPU
		{3A893CD3-8A95-4750-BEED-0E72E1A2904C}.CD_ROM|Any CPU.ActiveCfg = Release|Any CPU
		{3A893CD3-8A95-4750-BEED-0E72E1A2904C}.CD_ROM|Any CPU.Build.0 = Release|Any CPU
		{3A893CD3-8A95-4750-BEED-0E72E1A2904C}.Debug|Any CPU.ActiveCfg = Debug|Any CPU
		{3A893CD3-8A95-4750-BEED-0E72E1A2904C}.Debug|Any CPU.Build.0 = Debug|Any CPU
		{3A893CD3-8A95-4750-BEED-0E72E1A2904C}.DVD-5|Any CPU.ActiveCfg = Debug|Any CPU
		{3A893CD3-8A95-4750-BEED-0E72E1A2904C}.DVD-5|Any CPU.Build.0 = Debug|Any CPU
		{3A893CD3-8A95-4750-BEED-0E72E1A2904C}.Release|Any CPU.ActiveCfg = Release|Any CPU
		{3A893CD3-8A95-4750-BEED-0E72E1A2904C}.Release|Any CPU.Build.0 = Release|Any CPU
		{3A893CD3-8A95-4750-BEED-0E72E1A2904C}.SingleImage|Any CPU.ActiveCfg = Release|Any CPU
		{3A893CD3-8A95-4750-BEED-0E72E1A2904C}.SingleImage|Any CPU.Build.0 = Release|Any CPU
		{E5D088F1-2806-4150-8D05-3FAA11D49148}.CD_ROM|Any CPU.ActiveCfg = Release|Any CPU
		{E5D088F1-2806-4150-8D05-3FAA11D49148}.CD_ROM|Any CPU.Build.0 = Release|Any CPU
		{E5D088F1-2806-4150-8D05-3FAA11D49148}.Debug|Any CPU.ActiveCfg = Debug|Any CPU
		{E5D088F1-2806-4150-8D05-3FAA11D49148}.Debug|Any CPU.Build.0 = Debug|Any CPU
		{E5D088F1-2806-4150-8D05-3FAA11D49148}.DVD-5|Any CPU.ActiveCfg = Debug|Any CPU
		{E5D088F1-2806-4150-8D05-3FAA11D49148}.DVD-5|Any CPU.Build.0 = Debug|Any CPU
		{E5D088F1-2806-4150-8D05-3FAA11D49148}.Release|Any CPU.ActiveCfg = Release|Any CPU
		{E5D088F1-2806-4150-8D05-3FAA11D49148}.Release|Any CPU.Build.0 = Release|Any CPU
		{E5D088F1-2806-4150-8D05-3FAA11D49148}.SingleImage|Any CPU.ActiveCfg = Release|Any CPU
		{E5D088F1-2806-4150-8D05-3FAA11D49148}.SingleImage|Any CPU.Build.0 = Release|Any CPU
		{C0EB19F0-91B7-4B4A-A4D2-E62D98B89282}.CD_ROM|Any CPU.ActiveCfg = Release|Any CPU
		{C0EB19F0-91B7-4B4A-A4D2-E62D98B89282}.CD_ROM|Any CPU.Build.0 = Release|Any CPU
		{C0EB19F0-91B7-4B4A-A4D2-E62D98B89282}.Debug|Any CPU.ActiveCfg = Debug|Any CPU
		{C0EB19F0-91B7-4B4A-A4D2-E62D98B89282}.Debug|Any CPU.Build.0 = Debug|Any CPU
		{C0EB19F0-91B7-4B4A-A4D2-E62D98B89282}.DVD-5|Any CPU.ActiveCfg = Debug|Any CPU
		{C0EB19F0-91B7-4B4A-A4D2-E62D98B89282}.DVD-5|Any CPU.Build.0 = Debug|Any CPU
		{C0EB19F0-91B7-4B4A-A4D2-E62D98B89282}.Release|Any CPU.ActiveCfg = Release|Any CPU
		{C0EB19F0-91B7-4B4A-A4D2-E62D98B89282}.Release|Any CPU.Build.0 = Release|Any CPU
		{C0EB19F0-91B7-4B4A-A4D2-E62D98B89282}.SingleImage|Any CPU.ActiveCfg = Release|Any CPU
		{C0EB19F0-91B7-4B4A-A4D2-E62D98B89282}.SingleImage|Any CPU.Build.0 = Release|Any CPU
		{AA05DC3E-E088-4512-AACA-411DC3184E10}.CD_ROM|Any CPU.ActiveCfg = Release|Any CPU
		{AA05DC3E-E088-4512-AACA-411DC3184E10}.CD_ROM|Any CPU.Build.0 = Release|Any CPU
		{AA05DC3E-E088-4512-AACA-411DC3184E10}.Debug|Any CPU.ActiveCfg = Debug|Any CPU
		{AA05DC3E-E088-4512-AACA-411DC3184E10}.Debug|Any CPU.Build.0 = Debug|Any CPU
		{AA05DC3E-E088-4512-AACA-411DC3184E10}.DVD-5|Any CPU.ActiveCfg = Debug|Any CPU
		{AA05DC3E-E088-4512-AACA-411DC3184E10}.DVD-5|Any CPU.Build.0 = Debug|Any CPU
		{AA05DC3E-E088-4512-AACA-411DC3184E10}.Release|Any CPU.ActiveCfg = Release|Any CPU
		{AA05DC3E-E088-4512-AACA-411DC3184E10}.Release|Any CPU.Build.0 = Release|Any CPU
		{AA05DC3E-E088-4512-AACA-411DC3184E10}.SingleImage|Any CPU.ActiveCfg = Release|Any CPU
		{AA05DC3E-E088-4512-AACA-411DC3184E10}.SingleImage|Any CPU.Build.0 = Release|Any CPU
	EndGlobalSection
	GlobalSection(SolutionProperties) = preSolution
		HideSolutionNode = FALSE
	EndGlobalSection
	GlobalSection(ExtensibilityGlobals) = postSolution
		SolutionGuid = {284C3258-7956-4B26-94F5-5C23387B1A60}
	EndGlobalSection
EndGlobal
